
Microsoft Visual Studio Solution File, Format Version 12.00
# Visual Studio Version 17
VisualStudioVersion = 17.3.32811.315
MinimumVisualStudioVersion = 10.0.40219.1
Project("{9A19103F-16F7-4668-BE54-9A1E7A4F7556}") = "Anna.Gui", "Anna.Gui\Anna.Gui.csproj", "{EBFA8512-1EA5-4D8C-B4AC-AB5B48A6D568}"
EndProject
Project("{9A19103F-16F7-4668-BE54-9A1E7A4F7556}") = "Anna.Entry.Desktop", "Anna.Entry.Desktop\Anna.Entry.Desktop.csproj", "{ABC31E74-02FF-46EB-B3B2-4E6AE43B456C}"
EndProject
Project("{2150E333-8FDC-42A3-9474-1A3956D46DE8}") = "Solution Items", "Solution Items", "{3DA99C4E-89E3-4049-9C22-0A7EC60D83D8}"
	ProjectSection(SolutionItems) = preProject
		Directory.Build.props = Directory.Build.props
		global.json = global.json
	EndProjectSection
EndProject
Project("{FAE04EC0-301F-11D3-BF4B-00C04F79EFBC}") = "Anna.ServiceProvider", "Anna.ServiceProvider\Anna.ServiceProvider.csproj", "{F83C871C-1E73-406F-968E-2B0FF1DAF262}"
EndProject
Project("{FAE04EC0-301F-11D3-BF4B-00C04F79EFBC}") = "Anna.DomainModel", "Anna.DomainModel\Anna.DomainModel.csproj", "{C9C3306B-22D9-4EF4-BA3E-69D2402F260E}"
EndProject
Project("{FAE04EC0-301F-11D3-BF4B-00C04F79EFBC}") = "Anna.Foundation", "Anna.Foundation\Anna.Foundation.csproj", "{AC1CC76B-B8A7-40B5-BDBF-502BA00A44CA}"
EndProject
Project("{FAE04EC0-301F-11D3-BF4B-00C04F79EFBC}") = "Anna.Log", "Anna.Log\Anna.Log.csproj", "{2E54D7D8-8D9E-4B27-A74D-482B9FABE4C4}"
EndProject
Project("{FAE04EC0-301F-11D3-BF4B-00C04F79EFBC}") = "Anna.UseCase", "Anna.UseCase\Anna.UseCase.csproj", "{93428CFB-5007-4AE9-ADD7-F04601080B16}"
EndProject
Project("{FAE04EC0-301F-11D3-BF4B-00C04F79EFBC}") = "Anna.Strings", "Anna.Strings\Anna.Strings.csproj", "{53FD7635-7A60-45FC-86AA-2F280BBC86EA}"
EndProject
Project("{FAE04EC0-301F-11D3-BF4B-00C04F79EFBC}") = "Anna.Entry.Desktop.Tests", "Anna.Entry.Desktop.Tests\Anna.Entry.Desktop.Tests.csproj", "{C1231E38-7D9C-432E-95B0-6F5847C33551}"
EndProject
Project("{FAE04EC0-301F-11D3-BF4B-00C04F79EFBC}") = "Anna.Constants", "Anna.Constants\Anna.Constants.csproj", "{935C084C-E96A-4777-904E-99F8D1E37BFE}"
EndProject
Project("{FAE04EC0-301F-11D3-BF4B-00C04F79EFBC}") = "Anna.Repository", "Anna.Repository\Anna.Repository.csproj", "{95DB5B93-A2F0-4170-B462-4486C5DD6A5A}"
EndProject
Project("{FAE04EC0-301F-11D3-BF4B-00C04F79EFBC}") = "Anna.DomainModel.Tests", "Anna.DomainModel.Tests\Anna.DomainModel.Tests.csproj", "{1AD67712-FF50-4446-B9EC-845E58172FB2}"
EndProject
Project("{FAE04EC0-301F-11D3-BF4B-00C04F79EFBC}") = "Anna.ObjectLifetimeChecker", "Anna.ObjectLifetimeChecker\Anna.ObjectLifetimeChecker.csproj", "{F5E9977A-022C-4006-93EF-E5846144F16D}"
EndProject
Global
	GlobalSection(SolutionConfigurationPlatforms) = preSolution
		Debug|Any CPU = Debug|Any CPU
		Release|Any CPU = Release|Any CPU
	EndGlobalSection
	GlobalSection(ProjectConfigurationPlatforms) = postSolution
		{EBFA8512-1EA5-4D8C-B4AC-AB5B48A6D568}.Debug|Any CPU.ActiveCfg = Debug|Any CPU
		{EBFA8512-1EA5-4D8C-B4AC-AB5B48A6D568}.Debug|Any CPU.Build.0 = Debug|Any CPU
		{EBFA8512-1EA5-4D8C-B4AC-AB5B48A6D568}.Release|Any CPU.ActiveCfg = Release|Any CPU
		{EBFA8512-1EA5-4D8C-B4AC-AB5B48A6D568}.Release|Any CPU.Build.0 = Release|Any CPU
		{ABC31E74-02FF-46EB-B3B2-4E6AE43B456C}.Debug|Any CPU.ActiveCfg = Debug|Any CPU
		{ABC31E74-02FF-46EB-B3B2-4E6AE43B456C}.Debug|Any CPU.Build.0 = Debug|Any CPU
		{ABC31E74-02FF-46EB-B3B2-4E6AE43B456C}.Release|Any CPU.ActiveCfg = Release|Any CPU
		{ABC31E74-02FF-46EB-B3B2-4E6AE43B456C}.Release|Any CPU.Build.0 = Release|Any CPU
		{F83C871C-1E73-406F-968E-2B0FF1DAF262}.Debug|Any CPU.ActiveCfg = Debug|Any CPU
		{F83C871C-1E73-406F-968E-2B0FF1DAF262}.Debug|Any CPU.Build.0 = Debug|Any CPU
		{F83C871C-1E73-406F-968E-2B0FF1DAF262}.Release|Any CPU.ActiveCfg = Release|Any CPU
		{F83C871C-1E73-406F-968E-2B0FF1DAF262}.Release|Any CPU.Build.0 = Release|Any CPU
		{C9C3306B-22D9-4EF4-BA3E-69D2402F260E}.Debug|Any CPU.ActiveCfg = Debug|Any CPU
		{C9C3306B-22D9-4EF4-BA3E-69D2402F260E}.Debug|Any CPU.Build.0 = Debug|Any CPU
		{C9C3306B-22D9-4EF4-BA3E-69D2402F260E}.Release|Any CPU.ActiveCfg = Release|Any CPU
		{C9C3306B-22D9-4EF4-BA3E-69D2402F260E}.Release|Any CPU.Build.0 = Release|Any CPU
		{AC1CC76B-B8A7-40B5-BDBF-502BA00A44CA}.Debug|Any CPU.ActiveCfg = Debug|Any CPU
		{AC1CC76B-B8A7-40B5-BDBF-502BA00A44CA}.Debug|Any CPU.Build.0 = Debug|Any CPU
		{AC1CC76B-B8A7-40B5-BDBF-502BA00A44CA}.Release|Any CPU.ActiveCfg = Release|Any CPU
		{AC1CC76B-B8A7-40B5-BDBF-502BA00A44CA}.Release|Any CPU.Build.0 = Release|Any CPU
		{2E54D7D8-8D9E-4B27-A74D-482B9FABE4C4}.Debug|Any CPU.ActiveCfg = Debug|Any CPU
		{2E54D7D8-8D9E-4B27-A74D-482B9FABE4C4}.Debug|Any CPU.Build.0 = Debug|Any CPU
		{2E54D7D8-8D9E-4B27-A74D-482B9FABE4C4}.Release|Any CPU.ActiveCfg = Release|Any CPU
		{2E54D7D8-8D9E-4B27-A74D-482B9FABE4C4}.Release|Any CPU.Build.0 = Release|Any CPU
		{93428CFB-5007-4AE9-ADD7-F04601080B16}.Debug|Any CPU.ActiveCfg = Debug|Any CPU
		{93428CFB-5007-4AE9-ADD7-F04601080B16}.Debug|Any CPU.Build.0 = Debug|Any CPU
		{93428CFB-5007-4AE9-ADD7-F04601080B16}.Release|Any CPU.ActiveCfg = Release|Any CPU
		{93428CFB-5007-4AE9-ADD7-F04601080B16}.Release|Any CPU.Build.0 = Release|Any CPU
		{53FD7635-7A60-45FC-86AA-2F280BBC86EA}.Debug|Any CPU.ActiveCfg = Debug|Any CPU
		{53FD7635-7A60-45FC-86AA-2F280BBC86EA}.Debug|Any CPU.Build.0 = Debug|Any CPU
		{53FD7635-7A60-45FC-86AA-2F280BBC86EA}.Release|Any CPU.ActiveCfg = Release|Any CPU
		{53FD7635-7A60-45FC-86AA-2F280BBC86EA}.Release|Any CPU.Build.0 = Release|Any CPU
		{C1231E38-7D9C-432E-95B0-6F5847C33551}.Debug|Any CPU.ActiveCfg = Debug|Any CPU
		{C1231E38-7D9C-432E-95B0-6F5847C33551}.Debug|Any CPU.Build.0 = Debug|Any CPU
		{C1231E38-7D9C-432E-95B0-6F5847C33551}.Release|Any CPU.ActiveCfg = Release|Any CPU
		{C1231E38-7D9C-432E-95B0-6F5847C33551}.Release|Any CPU.Build.0 = Release|Any CPU
		{935C084C-E96A-4777-904E-99F8D1E37BFE}.Debug|Any CPU.ActiveCfg = Debug|Any CPU
		{935C084C-E96A-4777-904E-99F8D1E37BFE}.Debug|Any CPU.Build.0 = Debug|Any CPU
		{935C084C-E96A-4777-904E-99F8D1E37BFE}.Release|Any CPU.ActiveCfg = Release|Any CPU
		{935C084C-E96A-4777-904E-99F8D1E37BFE}.Release|Any CPU.Build.0 = Release|Any CPU
		{95DB5B93-A2F0-4170-B462-4486C5DD6A5A}.Debug|Any CPU.ActiveCfg = Debug|Any CPU
		{95DB5B93-A2F0-4170-B462-4486C5DD6A5A}.Debug|Any CPU.Build.0 = Debug|Any CPU
		{95DB5B93-A2F0-4170-B462-4486C5DD6A5A}.Release|Any CPU.ActiveCfg = Release|Any CPU
		{95DB5B93-A2F0-4170-B462-4486C5DD6A5A}.Release|Any CPU.Build.0 = Release|Any CPU
		{1AD67712-FF50-4446-B9EC-845E58172FB2}.Debug|Any CPU.ActiveCfg = Debug|Any CPU
		{1AD67712-FF50-4446-B9EC-845E58172FB2}.Debug|Any CPU.Build.0 = Debug|Any CPU
		{1AD67712-FF50-4446-B9EC-845E58172FB2}.Release|Any CPU.ActiveCfg = Release|Any CPU
		{1AD67712-FF50-4446-B9EC-845E58172FB2}.Release|Any CPU.Build.0 = Release|Any CPU
		{F5E9977A-022C-4006-93EF-E5846144F16D}.Debug|Any CPU.ActiveCfg = Debug|Any CPU
		{F5E9977A-022C-4006-93EF-E5846144F16D}.Debug|Any CPU.Build.0 = Debug|Any CPU
		{F5E9977A-022C-4006-93EF-E5846144F16D}.Release|Any CPU.ActiveCfg = Release|Any CPU
		{F5E9977A-022C-4006-93EF-E5846144F16D}.Release|Any CPU.Build.0 = Release|Any CPU
	EndGlobalSection
	GlobalSection(SolutionProperties) = preSolution
		HideSolutionNode = FALSE
	EndGlobalSection
	GlobalSection(ExtensibilityGlobals) = postSolution
		SolutionGuid = {83CB65B8-011F-4ED7-BCD3-A6CFA935EF7E}
	EndGlobalSection
	GlobalSection(NestedProjects) = preSolution
	EndGlobalSection
EndGlobal
